PODS:
  - GoogleMaps (2.2.0):
    - GoogleMaps/Maps (= 2.2.0)
  - GoogleMaps/Base (2.2.0)
  - GoogleMaps/Maps (2.2.0):
    - GoogleMaps/Base

DEPENDENCIES:
  - GoogleMaps

SPEC CHECKSUMS:
  GoogleMaps: 104c418d61ab8a05dff06ed0784c25ea9d37da45

PODFILE CHECKSUM: 7939d209a96f095f621e3e8b9e1bf3722298e810

COCOAPODS: 1.1.1
